{
    "hash": "e6f5d5b9c900ac6f682673bd2f5d68be",
    "packages": [
        {
            "name": "symfony/config",
            "version": "dev-master",
            "target-dir": "Symfony/Component/Config",
            "source": {
                "type": "git",
                "url": "https://github.com/symfony/Config",
                "reference": "5a1e34ba8825d435752f20775ba879c24431b424"
            },
            "dist": {
                "type": "zip",
                "url": "https://github.com/symfony/Config/zipball/5a1e34ba8825d435752f20775ba879c24431b424",
                "reference": "5a1e34ba8825d435752f20775ba879c24431b424",
                "shasum": ""
            },
            "require": {
                "php": ">=5.3.3"
            },
            "type": "library",
            "extra": {
                "branch-alias": {
                    "dev-master": "2.2-dev"
                }
            },
            "installation-source": "source",
            "autoload": {
                "psr-0": {
                    "Symfony\\Component\\Config": ""
                }
            },
            "license": [
                "MIT"
            ],
            "authors": [
                {
                    "name": "Fabien Potencier",
                    "email": "fabien@symfony.com"
                },
                {
                    "name": "Symfony Community",
                    "homepage": "http://symfony.com/contributors"
                }
            ],
            "description": "Symfony Config Component",
            "homepage": "http://symfony.com",
            "time": "1348209299"
        },
        {
            "name": "symfony/console",
            "version": "dev-master",
            "target-dir": "Symfony/Component/Console",
            "source": {
                "type": "git",
                "url": "https://github.com/symfony/Console",
                "reference": "0be8fcc7be5529db08278d21ebc6c51f8216144a"
            },
            "dist": {
                "type": "zip",
                "url": "https://github.com/symfony/Console/zipball/0be8fcc7be5529db08278d21ebc6c51f8216144a",
                "reference": "0be8fcc7be5529db08278d21ebc6c51f8216144a",
                "shasum": ""
            },
            "require": {
                "php": ">=5.3.3"
            },
            "type": "library",
            "extra": {
                "branch-alias": {
                    "dev-master": "2.2-dev"
                }
            },
            "installation-source": "source",
            "autoload": {
                "psr-0": {
                    "Symfony\\Component\\Console": ""
                }
            },
            "license": [
                "MIT"
            ],
            "authors": [
                {
                    "name": "Fabien Potencier",
                    "email": "fabien@symfony.com"
                },
                {
                    "name": "Symfony Community",
                    "homepage": "http://symfony.com/contributors"
                }
            ],
            "description": "Symfony Console Component",
            "homepage": "http://symfony.com",
            "time": "1348209299"
        },
        {
            "name": "symfony/yaml",
            "version": "dev-master",
            "target-dir": "Symfony/Component/Yaml",
            "source": {
                "type": "git",
                "url": "https://github.com/symfony/Yaml",
                "reference": "f1f0e0fea2bc568492ba1e25c2f88888d38459ca"
            },
            "dist": {
                "type": "zip",
                "url": "https://github.com/symfony/Yaml/zipball/f1f0e0fea2bc568492ba1e25c2f88888d38459ca",
                "reference": "f1f0e0fea2bc568492ba1e25c2f88888d38459ca",
                "shasum": ""
            },
            "require": {
                "php": ">=5.3.3"
            },
            "type": "library",
            "extra": {
                "branch-alias": {
                    "dev-master": "2.2-dev"
                }
            },
            "installation-source": "source",
            "autoload": {
                "psr-0": {
                    "Symfony\\Component\\Yaml": ""
                }
            },
            "license": [
                "MIT"
            ],
            "authors": [
                {
                    "name": "Fabien Potencier",
                    "email": "fabien@symfony.com"
                },
                {
                    "name": "Symfony Community",
                    "homepage": "http://symfony.com/contributors"
                }
            ],
            "description": "Symfony Yaml Component",
            "homepage": "http://symfony.com",
            "time": "1347987929"
        },
        {
            "name": "there4/fogbugz-api",
            "version": "dev-master",
            "source": {
                "type": "git",
                "url": "https://github.com/there4/fogbugz-php-api.git",
                "reference": "4915572b7ff8884c15ed1405cc40a743f26354f5"
            },
            "dist": {
                "type": "zip",
                "url": "https://github.com/there4/fogbugz-php-api/zipball/4915572b7ff8884c15ed1405cc40a743f26354f5",
                "reference": "4915572b7ff8884c15ed1405cc40a743f26354f5",
                "shasum": ""
            },
            "type": "library",
            "installation-source": "source",
            "autoload": {
                "psr-0": {
                    "There4": "src/"
                }
            },
            "license": [
                "MIT"
            ],
            "authors": [
                {
                    "name": "Craig Davis",
                    "email": "craig@there4development.com"
                }
            ],
            "description": "API interface for FogBugz",
            "homepage": "https://github.com/there4/fogbugz-php-api",
            "keywords": [
                "fogbugz"
            ],
            "time": "1348530201"
        },
        {
            "name": "twig/twig",
            "version": "v1.9.2",
            "source": {
                "type": "git",
                "url": "git://github.com/fabpot/Twig.git",
                "reference": "v1.9.2"
            },
            "dist": {
                "type": "zip",
                "url": "https://github.com/fabpot/Twig/zipball/v1.9.2",
                "reference": "v1.9.2",
                "shasum": ""
            },
            "require": {
                "php": ">=5.2.4"
            },
            "type": "library",
            "extra": {
                "branch-alias": {
                    "dev-master": "1.9-dev"
                }
            },
            "installation-source": "dist",
            "autoload": {
                "psr-0": {
                    "Twig_": "lib/"
                }
            },
            "license": [
                "BSD-3"
            ],
            "authors": [
                {
                    "name": "Fabien Potencier",
                    "email": "fabien@symfony.com"
                },
                {
                    "name": "Armin Ronacher",
                    "email": "armin.ronacher@active-4.com"
                }
            ],
            "description": "Twig, the flexible, fast, and secure template language for PHP",
            "homepage": "http://twig.sensiolabs.org",
            "keywords": [
                "templating"
            ]
        }
    ],
    "packages-dev": null,
    "aliases": [

    ],
    "minimum-stability": "beta",
    "stability-flags": {
        "there4/fogbugz-api": 20,
        "symfony/console": 20,
        "symfony/config": 20,
        "symfony/yaml": 20
    }
}
