{
    "hash": "e6f5d5b9c900ac6f682673bd2f5d68be",
    "packages": [
        {
            "package": "symfony/config",
            "version": "dev-master",
            "alias-pretty-version": "2.2.x-dev",
            "alias-version": "2.2.9999999.9999999-dev"
        },
        {
            "package": "symfony/config",
            "version": "dev-master",
            "source-reference": "dbfadc6995574df68ad9b6c7e56a68b4bd9d0fa3",
            "commit-date": "1349553479"
        },
        {
            "package": "symfony/console",
            "version": "dev-master",
            "alias-pretty-version": "2.2.x-dev",
            "alias-version": "2.2.9999999.9999999-dev"
        },
        {
            "package": "symfony/console",
            "version": "dev-master",
            "source-reference": "915bd24ac780d4d1b9eb8cf830d8a4bf453bef0b",
            "commit-date": "1350832147"
        },
        {
            "package": "symfony/yaml",
            "version": "dev-master",
            "alias-pretty-version": "2.2.x-dev",
            "alias-version": "2.2.9999999.9999999-dev"
        },
        {
            "package": "symfony/yaml",
            "version": "dev-master",
            "source-reference": "1f7ba14c4b263dbf701e25705b0b2175a850a784",
            "commit-date": "1349553479"
        },
        {
            "package": "there4/fogbugz-api",
            "version": "dev-master",
            "source-reference": "9f8d95afb2c50a6749695f949a72bf3b4a1377d3",
            "commit-date": "1350662003"
        },
        {
            "package": "twig/twig",
            "version": "v1.10.3"
        }
    ],
    "packages-dev": null,
    "aliases": [

    ],
    "minimum-stability": "beta",
    "stability-flags": {
        "there4/fogbugz-api": 20,
        "symfony/console": 20,
        "symfony/config": 20,
        "symfony/yaml": 20
    }
}
